// !$*UTF8*$!
{
	archiveVersion = 1;
	classes = {
	};
	objectVersion = 56;
	objects = {

/* Begin PBXBuildFile section */
		8208EA882A0BE9230047B20B /* MyDownloaderAppApp.swift in Sources */ = {isa = PBXBuildFile; fileRef = 8208EA872A0BE9230047B20B /* MyDownloaderAppApp.swift */; };
		8208EA8A2A0BE9230047B20B /* ContentView.swift in Sources */ = {isa = PBXBuildFile; fileRef = 8208EA892A0BE9230047B20B /* ContentView.swift */; };
		8208EA8C2A0BE9240047B20B /* Assets.xcassets in Resources */ = {isa = PBXBuildFile; fileRef = 8208EA8B2A0BE9240047B20B /* Assets.xcassets */; };
		8208EA8F2A0BE9240047B20B /* Preview Assets.xcassets in Resources */ = {isa = PBXBuildFile; fileRef = 8208EA8E2A0BE9240047B20B /* Preview Assets.xcassets */; };
		8208EA992A0BE9240047B20B /* MyDownloaderAppTests.swift in Sources */ = {isa = PBXBuildFile; fileRef = 8208EA982A0BE9240047B20B /* MyDownloaderAppTests.swift */; };
		8208EAA32A0BE9250047B20B /* MyDownloaderAppUITests.swift in Sources */ = {isa = PBXBuildFile; fileRef = 8208EAA22A0BE9250047B20B /* MyDownloaderAppUITests.swift */; };
		8208EAA52A0BE9250047B20B /* MyDownloaderAppUITestsLaunchTests.swift in Sources */ = {isa = PBXBuildFile; fileRef = 8208EAA42A0BE9250047B20B /* MyDownloaderAppUITestsLaunchTests.swift */; };
/* End PBXBuildFile section */

/* Begin PBXContainerItemProxy section */
		8208EA952A0BE9240047B20B /* PBXContainerItemProxy */ = {
			isa = PBXContainerItemProxy;
			containerPortal = 8208EA7C2A0BE9230047B20B /* Project object */;
			proxyType = 1;
			remoteGlobalIDString = 8208EA832A0BE9230047B20B;
			remoteInfo = MyDownloaderApp;
		};
		8208EA9F2A0BE9250047B20B /* PBXContainerItemProxy */ = {
			isa = PBXContainerItemProxy;
			containerPortal = 8208EA7C2A0BE9230047B20B /* Project object */;
			proxyType = 1;
			remoteGlobalIDString = 8208EA832A0BE9230047B20B;
			remoteInfo = MyDownloaderApp;
		};
/* End PBXContainerItemProxy section */

/* Begin PBXFileReference section */
		8208EA842A0BE9230047B20B /* MyDownloaderApp.app */ = {isa = PBXFileReference; explicitFileType = wrapper.application; includeInIndex = 0; path = MyDownloaderApp.app; sourceTree = BUILT_PRODUCTS_DIR; };
		8208EA872A0BE9230047B20B /* MyDownloaderAppApp.swift */ = {isa = PBXFileReference; lastKnownFileType = sourcecode.swift; path = MyDownloaderAppApp.swift; sourceTree = "<group>"; };
		8208EA892A0BE9230047B20B /* ContentView.swift */ = {isa = PBXFileReference; lastKnownFileType = sourcecode.swift; path = ContentView.swift; sourceTree = "<group>"; };
		8208EA8B2A0BE9240047B20B /* Assets.xcassets */ = {isa = PBXFileReference; lastKnownFileType = folder.assetcatalog; path = Assets.xcassets; sourceTree = "<group>"; };
		8208EA8E2A0BE9240047B20B /* Preview Assets.xcassets */ = {isa = PBXFileReference; lastKnownFileType = folder.assetcatalog; path = "Preview Assets.xcassets"; sourceTree = "<group>"; };
		8208EA942A0BE9240047B20B /* MyDownloaderAppTests.xctest */ = {isa = PBXFileReference; explicitFileType = wrapper.cfbundle; includeInIndex = 0; path = MyDownloaderAppTests.xctest; sourceTree = BUILT_PRODUCTS_DIR; };
		8208EA982A0BE9240047B20B /* MyDownloaderAppTests.swift */ = {isa = PBXFileReference; lastKnownFileType = sourcecode.swift; path = MyDownloaderAppTests.swift; sourceTree = "<group>"; };
		8208EA9E2A0BE9250047B20B /* MyDownloaderAppUITests.xctest */ = {isa = PBXFileReference; explicitFileType = wrapper.cfbundle; includeInIndex = 0; path = MyDownloaderAppUITests.xctest; sourceTree = BUILT_PRODUCTS_DIR; };
		8208EAA22A0BE9250047B20B /* MyDownloaderAppUITests.swift */ = {isa = PBXFileReference; lastKnownFileType = sourcecode.swift; path = MyDownloaderAppUITests.swift; sourceTree = "<group>"; };
		8208EAA42A0BE9250047B20B /* MyDownloaderAppUITestsLaunchTests.swift */ = {isa = PBXFileReference; lastKnownFileType = sourcecode.swift; path = MyDownloaderAppUITestsLaunchTests.swift; sourceTree = "<group>"; };
/* End PBXFileReference section */

/* Begin PBXFrameworksBuildPhase section */
		8208EA812A0BE9230047B20B /* Frameworks */ = {
			isa = PBXFrameworksBuildPhase;
			buildActionMask = 2147483647;
			files = (
			);
			runOnlyForDeploymentPostprocessing = 0;
		};
		8208EA912A0BE9240047B20B /* Frameworks */ = {
			isa = PBXFrameworksBuildPhase;
			buildActionMask = 2147483647;
			files = (
			);
			runOnlyForDeploymentPostprocessing = 0;
		};
		8208EA9B2A0BE9250047B20B /* Frameworks */ = {
			isa = PBXFrameworksBuildPhase;
			buildActionMask = 2147483647;
			files = (
			);
			runOnlyForDeploymentPostprocessing = 0;
		};
/* End PBXFrameworksBuildPhase section */

/* Begin PBXGroup section */
		8208EA7B2A0BE9230047B20B = {
			isa = PBXGroup;
			children = (
				8208EA862A0BE9230047B20B /* MyDownloaderApp */,
				8208EA972A0BE9240047B20B /* MyDownloaderAppTests */,
				8208EAA12A0BE9250047B20B /* MyDownloaderAppUITests */,
				8208EA852A0BE9230047B20B /* Products */,
			);
			sourceTree = "<group>";
		};
		8208EA852A0BE9230047B20B /* Products */ = {
			isa = PBXGroup;
			children = (
				8208EA842A0BE9230047B20B /* MyDownloaderApp.app */,
				8208EA942A0BE9240047B20B /* MyDownloaderAppTests.xctest */,
				8208EA9E2A0BE9250047B20B /* MyDownloaderAppUITests.xctest */,
			);
			name = Products;
			sourceTree = "<group>";
		};
		8208EA862A0BE9230047B20B /* MyDownloaderApp */ = {
			isa = PBXGroup;
			children = (
				8208EA872A0BE9230047B20B /* MyDownloaderAppApp.swift */,
				8208EA892A0BE9230047B20B /* ContentView.swift */,
				8208EA8B2A0BE9240047B20B /* Assets.xcassets */,
				8208EA8D2A0BE9240047B20B /* Preview Content */,
			);
			path = MyDownloaderApp;
			sourceTree = "<group>";
		};
		8208EA8D2A0BE9240047B20B /* Preview Content */ = {
			isa = PBXGroup;
			children = (
				8208EA8E2A0BE9240047B20B /* Preview Assets.xcassets */,
			);
			path = "Preview Content";
			sourceTree = "<group>";
		};
		8208EA972A0BE9240047B20B /* MyDownloaderAppTests */ = {
			isa = PBXGroup;
			children = (
				8208EA982A0BE9240047B20B /* MyDownloaderAppTests.swift */,
			);
			path = MyDownloaderAppTests;
			sourceTree = "<group>";
		};
		8208EAA12A0BE9250047B20B /* MyDownloaderAppUITests */ = {
			isa = PBXGroup;
			children = (
				8208EAA22A0BE9250047B20B /* MyDownloaderAppUITests.swift */,
				8208EAA42A0BE9250047B20B /* MyDownloaderAppUITestsLaunchTests.swift */,
			);
			path = MyDownloaderAppUITests;
			sourceTree = "<group>";
		};
/* End PBXGroup section */

/* Begin PBXNativeTarget section */
		8208EA832A0BE9230047B20B /* MyDownloaderApp */ = {
			isa = PBXNativeTarget;
			buildConfigurationList = 8208EAA82A0BE9250047B20B /* Build configuration list for PBXNativeTarget "MyDownloaderApp" */;
			buildPhases = (
				8208EA802A0BE9230047B20B /* Sources */,
				8208EA812A0BE9230047B20B /* Frameworks */,
				8208EA822A0BE9230047B20B /* Resources */,
			);
			buildRules = (
			);
			dependencies = (
			);
			name = MyDownloaderApp;
			productName = MyDownloaderApp;
			productReference = 8208EA842A0BE9230047B20B /* MyDownloaderApp.app */;
			productType = "com.apple.product-type.application";
		};
		8208EA932A0BE9240047B20B /* MyDownloaderAppTests */ = {
			isa = PBXNativeTarget;
			buildConfigurationList = 8208EAAB2A0BE9250047B20B /* Build configuration list for PBXNativeTarget "MyDownloaderAppTests" */;
			buildPhases = (
				8208EA902A0BE9240047B20B /* Sources */,
				8208EA912A0BE9240047B20B /* Frameworks */,
				8208EA922A0BE9240047B20B /* Resources */,
			);
			buildRules = (
			);
			dependencies = (
				8208EA962A0BE9240047B20B /* PBXTargetDependency */,
			);
			name = MyDownloaderAppTests;
			productName = MyDownloaderAppTests;
			productReference = 8208EA942A0BE9240047B20B /* MyDownloaderAppTests.xctest */;
			productType = "com.apple.product-type.bundle.unit-test";
		};
		8208EA9D2A0BE9250047B20B /* MyDownloaderAppUITests */ = {
			isa = PBXNativeTarget;
			buildConfigurationList = 8208EAAE2A0BE9250047B20B /* Build configuration list for PBXNativeTarget "MyDownloaderAppUITests" */;
			buildPhases = (
				8208EA9A2A0BE9250047B20B /* Sources */,
				8208EA9B2A0BE9250047B20B /* Frameworks */,
				8208EA9C2A0BE9250047B20B /* Resources */,
			);
			buildRules = (
			);
			dependencies = (
				8208EAA02A0BE9250047B20B /* PBXTargetDependency */,
			);
			name = MyDownloaderAppUITests;
			productName = MyDownloaderAppUITests;
			productReference = 8208EA9E2A0BE9250047B20B /* MyDownloaderAppUITests.xctest */;
			productType = "com.apple.product-type.bundle.ui-testing";
		};
/* End PBXNativeTarget section */

/* Begin PBXProject section */
		8208EA7C2A0BE9230047B20B /* Project object */ = {
			isa = PBXProject;
			attributes = {
				BuildIndependentTargetsInParallel = 1;
				LastSwiftUpdateCheck = 1430;
				LastUpgradeCheck = 1430;
				TargetAttributes = {
					8208EA832A0BE9230047B20B = {
						CreatedOnToolsVersion = 14.3;
					};
					8208EA932A0BE9240047B20B = {
						CreatedOnToolsVersion = 14.3;
						TestTargetID = 8208EA832A0BE9230047B20B;
					};
					8208EA9D2A0BE9250047B20B = {
						CreatedOnToolsVersion = 14.3;
						TestTargetID = 8208EA832A0BE9230047B20B;
					};
				};
			};
			buildConfigurationList = 8208EA7F2A0BE9230047B20B /* Build configuration list for PBXProject "MyDownloaderApp" */;
			compatibilityVersion = "Xcode 14.0";
			developmentRegion = en;
			hasScannedForEncodings = 0;
			knownRegions = (
				en,
				Base,
			);
			mainGroup = 8208EA7B2A0BE9230047B20B;
			productRefGroup = 8208EA852A0BE9230047B20B /* Products */;
			projectDirPath = "";
			projectRoot = "";
			targets = (
				8208EA832A0BE9230047B20B /* MyDownloaderApp */,
				8208EA932A0BE9240047B20B /* MyDownloaderAppTests */,
				8208EA9D2A0BE9250047B20B /* MyDownloaderAppUITests */,
			);
		};
/* End PBXProject section */

/* Begin PBXResourcesBuildPhase section */
		8208EA822A0BE9230047B20B /* Resources */ = {
			isa = PBXResourcesBuildPhase;
			buildActionMask = 2147483647;
			files = (
				8208EA8F2A0BE9240047B20B /* Preview Assets.xcassets in Resources */,
				8208EA8C2A0BE9240047B20B /* Assets.xcassets in Resources */,
			);
			runOnlyForDeploymentPostprocessing = 0;
		};
		8208EA922A0BE9240047B20B /* Resources */ = {
			isa = PBXResourcesBuildPhase;
			buildActionMask = 2147483647;
			files = (
			);
			runOnlyForDeploymentPostprocessing = 0;
		};
		8208EA9C2A0BE9250047B20B /* Resources */ = {
			isa = PBXResourcesBuildPhase;
			buildActionMask = 2147483647;
			files = (
			);
			runOnlyForDeploymentPostprocessing = 0;
		};
/* End PBXResourcesBuildPhase section */

/* Begin PBXSourcesBuildPhase section */
		8208EA802A0BE9230047B20B /* Sources */ = {
			isa = PBXSourcesBuildPhase;
			buildActionMask = 2147483647;
			files = (
				8208EA8A2A0BE9230047B20B /* ContentView.swift in Sources */,
				8208EA882A0BE9230047B20B /* MyDownloaderAppApp.swift in Sources */,
			);
			runOnlyForDeploymentPostprocessing = 0;
		};
		8208EA902A0BE9240047B20B /* Sources */ = {
			isa = PBXSourcesBuildPhase;
			buildActionMask = 2147483647;
			files = (
				8208EA992A0BE9240047B20B /* MyDownloaderAppTests.swift in Sources */,
			);
			runOnlyForDeploymentPostprocessing = 0;
		};
		8208EA9A2A0BE9250047B20B /* Sources */ = {
			isa = PBXSourcesBuildPhase;
			buildActionMask = 2147483647;
			files = (
				8208EAA32A0BE9250047B20B /* MyDownloaderAppUITests.swift in Sources */,
				8208EAA52A0BE9250047B20B /* MyDownloaderAppUITestsLaunchTests.swift in Sources */,
			);
			runOnlyForDeploymentPostprocessing = 0;
		};
/* End PBXSourcesBuildPhase section */

/* Begin PBXTargetDependency section */
		8208EA962A0BE9240047B20B /* PBXTargetDependency */ = {
			isa = PBXTargetDependency;
			target = 8208EA832A0BE9230047B20B /* MyDownloaderApp */;
			targetProxy = 8208EA952A0BE9240047B20B /* PBXContainerItemProxy */;
		};
		8208EAA02A0BE9250047B20B /* PBXTargetDependency */ = {
			isa = PBXTargetDependency;
			target = 8208EA832A0BE9230047B20B /* MyDownloaderApp */;
			targetProxy = 8208EA9F2A0BE9250047B20B /* PBXContainerItemProxy */;
		};
/* End PBXTargetDependency section */

/* Begin XCBuildConfiguration section */
		8208EAA62A0BE9250047B20B /* Debug */ = {
			isa = XCBuildConfiguration;
			buildSettings = {
				ALWAYS_SEARCH_USER_PATHS = NO;
				CLANG_ANALYZER_NONNULL = YES;
				CLANG_ANALYZER_NUMBER_OBJECT_CONVERSION = YES_AGGRESSIVE;
				CLANG_CXX_LANGUAGE_STANDARD = "gnu++20";
				CLANG_ENABLE_MODULES = YES;
				CLANG_ENABLE_OBJC_ARC = YES;
				CLANG_ENABLE_OBJC_WEAK = YES;
				CLANG_WARN_BLOCK_CAPTURE_AUTORELEASING = YES;
				CLANG_WARN_BOOL_CONVERSION = YES;
				CLANG_WARN_COMMA = YES;
				CLANG_WARN_CONSTANT_CONVERSION = YES;
				CLANG_WARN_DEPRECATED_OBJC_IMPLEMENTATIONS = YES;
				CLANG_WARN_DIRECT_OBJC_ISA_USAGE = YES_ERROR;
				CLANG_WARN_DOCUMENTATION_COMMENTS = YES;
				CLANG_WARN_EMPTY_BODY = YES;
				CLANG_WARN_ENUM_CONVERSION = YES;
				CLANG_WARN_INFINITE_RECURSION = YES;
				CLANG_WARN_INT_CONVERSION = YES;
				CLANG_WARN_NON_LITERAL_NULL_CONVERSION = YES;
				CLANG_WARN_OBJC_IMPLICIT_RETAIN_SELF = YES;
				CLANG_WARN_OBJC_LITERAL_CONVERSION = YES;
				CLANG_WARN_OBJC_ROOT_CLASS = YES_ERROR;
				CLANG_WARN_QUOTED_INCLUDE_IN_FRAMEWORK_HEADER = YES;
				CLANG_WARN_RANGE_LOOP_ANALYSIS = YES;
				CLANG_WARN_STRICT_PROTOTYPES = YES;
				CLANG_WARN_SUSPICIOUS_MOVE = YES;
				CLANG_WARN_UNGUARDED_AVAILABILITY = YES_AGGRESSIVE;
				CLANG_WARN_UNREACHABLE_CODE = YES;
				CLANG_WARN__DUPLICATE_METHOD_MATCH = YES;
				COPY_PHASE_STRIP = NO;
				DEBUG_INFORMATION_FORMAT = dwarf;
				ENABLE_STRICT_OBJC_MSGSEND = YES;
				ENABLE_TESTABILITY = YES;
				GCC_C_LANGUAGE_STANDARD = gnu11;
				GCC_DYNAMIC_NO_PIC = NO;
				GCC_NO_COMMON_BLOCKS = YES;
				GCC_OPTIMIZATION_LEVEL = 0;
				GCC_PREPROCESSOR_DEFINITIONS = (
					"DEBUG=1",
					"$(inherited)",
				);
				GCC_WARN_64_TO_32_BIT_CONVERSION = YES;
				GCC_WARN_ABOUT_RETURN_TYPE = YES_ERROR;
				GCC_WARN_UNDECLARED_SELECTOR = YES;
				GCC_WARN_UNINITIALIZED_AUTOS = YES_AGGRESSIVE;
				GCC_WARN_UNUSED_FUNCTION = YES;
				GCC_WARN_UNUSED_VARIABLE = YES;
				IPHONEOS_DEPLOYMENT_TARGET = 16.4;
				MTL_ENABLE_DEBUG_INFO = INCLUDE_SOURCE;
				MTL_FAST_MATH = YES;
				ONLY_ACTIVE_ARCH = YES;
				SDKROOT = iphoneos;
				SWIFT_ACTIVE_COMPILATION_CONDITIONS = DEBUG;
				SWIFT_OPTIMIZATION_LEVEL = "-Onone";
			};
			name = Debug;
		};
		8208EAA72A0BE9250047B20B /* Release */ = {
			isa = XCBuildConfiguration;
			buildSettings = {
				ALWAYS_SEARCH_USER_PATHS = NO;
				CLANG_ANALYZER_NONNULL = YES;
				CLANG_ANALYZER_NUMBER_OBJECT_CONVERSION = YES_AGGRESSIVE;
				CLANG_CXX_LANGUAGE_STANDARD = "gnu++20";
				CLANG_ENABLE_MODULES = YES;
				CLANG_ENABLE_OBJC_ARC = YES;
				CLANG_ENABLE_OBJC_WEAK = YES;
				CLANG_WARN_BLOCK_CAPTURE_AUTORELEASING = YES;
				CLANG_WARN_BOOL_CONVERSION = YES;
				CLANG_WARN_COMMA = YES;
				CLANG_WARN_CONSTANT_CONVERSION = YES;
				CLANG_WARN_DEPRECATED_OBJC_IMPLEMENTATIONS = YES;
				CLANG_WARN_DIRECT_OBJC_ISA_USAGE = YES_ERROR;
				CLANG_WARN_DOCUMENTATION_COMMENTS = YES;
				CLANG_WARN_EMPTY_BODY = YES;
				CLANG_WARN_ENUM_CONVERSION = YES;
				CLANG_WARN_INFINITE_RECURSION = YES;
				CLANG_WARN_INT_CONVERSION = YES;
				CLANG_WARN_NON_LITERAL_NULL_CONVERSION = YES;
				CLANG_WARN_OBJC_IMPLICIT_RETAIN_SELF = YES;
				CLANG_WARN_OBJC_LITERAL_CONVERSION = YES;
				CLANG_WARN_OBJC_ROOT_CLASS = YES_ERROR;
				CLANG_WARN_QUOTED_INCLUDE_IN_FRAMEWORK_HEADER = YES;
				CLANG_WARN_RANGE_LOOP_ANALYSIS = YES;
				CLANG_WARN_STRICT_PROTOTYPES = YES;
				CLANG_WARN_SUSPICIOUS_MOVE = YES;
				CLANG_WARN_UNGUARDED_AVAILABILITY = YES_AGGRESSIVE;
				CLANG_WARN_UNREACHABLE_CODE = YES;
				CLANG_WARN__DUPLICATE_METHOD_MATCH = YES;
				COPY_PHASE_STRIP = NO;
				DEBUG_INFORMATION_FORMAT = "dwarf-with-dsym";
				ENABLE_NS_ASSERTIONS = NO;
				ENABLE_STRICT_OBJC_MSGSEND = YES;
				GCC_C_LANGUAGE_STANDARD = gnu11;
				GCC_NO_COMMON_BLOCKS = YES;
				GCC_WARN_64_TO_32_BIT_CONVERSION = YES;
				GCC_WARN_ABOUT_RETURN_TYPE = YES_ERROR;
				GCC_WARN_UNDECLARED_SELECTOR = YES;
				GCC_WARN_UNINITIALIZED_AUTOS = YES_AGGRESSIVE;
				GCC_WARN_UNUSED_FUNCTION = YES;
				GCC_WARN_UNUSED_VARIABLE = YES;
				IPHONEOS_DEPLOYMENT_TARGET = 16.4;
				MTL_ENABLE_DEBUG_INFO = NO;
				MTL_FAST_MATH = YES;
				SDKROOT = iphoneos;
				SWIFT_COMPILATION_MODE = wholemodule;
				SWIFT_OPTIMIZATION_LEVEL = "-O";
				VALIDATE_PRODUCT = YES;
			};
			name = Release;
		};
		8208EAA92A0BE9250047B20B /* Debug */ = {
			isa = XCBuildConfiguration;
			buildSettings = {
				ASSETCATALOG_COMPILER_APPICON_NAME = AppIcon;
				ASSETCATALOG_COMPILER_GLOBAL_ACCENT_COLOR_NAME = AccentColor;
				CODE_SIGN_STYLE = Automatic;
				CURRENT_PROJECT_VERSION = 1;
				DEVELOPMENT_ASSET_PATHS = "\"MyDownloaderApp/Preview Content\"";
				DEVELOPMENT_TEAM = AVHHK89UZG;
				ENABLE_PREVIEWS = YES;
				GENERATE_INFOPLIST_FILE = YES;
				INFOPLIST_KEY_UIApplicationSceneManifest_Generation = YES;
				INFOPLIST_KEY_UIApplicationSupportsIndirectInputEvents = YES;
				INFOPLIST_KEY_UILaunchScreen_Generation = YES;
				INFOPLIST_KEY_UISupportedInterfaceOrientations_iPad = "UIInterfaceOrientationPortrait UIInterfaceOrientationPortraitUpsideDown UIInterfaceOrientationLandscapeLeft UIInterfaceOrientationLandscapeRight";
				INFOPLIST_KEY_UISupportedInterfaceOrientations_iPhone = "UIInterfaceOrientationPortrait UIInterfaceOrientationLandscapeLeft UIInterfaceOrientationLandscapeRight";
				LD_RUNPATH_SEARCH_PATHS = (
					"$(inherited)",
					"@executable_path/Frameworks",
				);
				MARKETING_VERSION = 1.0;
				PRODUCT_BUNDLE_IDENTIFIER = com.rvelasc.MyDownloaderApp;
				PRODUCT_NAME = "$(TARGET_NAME)";
				SWIFT_EMIT_LOC_STRINGS = YES;
				SWIFT_VERSION = 5.0;
				TARGETED_DEVICE_FAMILY = "1,2";
			};
			name = Debug;
		};
		8208EAAA2A0BE9250047B20B /* Release */ = {
			isa = XCBuildConfiguration;
			buildSettings = {
				ASSETCATALOG_COMPILER_APPICON_NAME = AppIcon;
				ASSETCATALOG_COMPILER_GLOBAL_ACCENT_COLOR_NAME = AccentColor;
				CODE_SIGN_STYLE = Automatic;
				CURRENT_PROJECT_VERSION = 1;
				DEVELOPMENT_ASSET_PATHS = "\"MyDownloaderApp/Preview Content\"";
				DEVELOPMENT_TEAM = AVHHK89UZG;
				ENABLE_PREVIEWS = YES;
				GENERATE_INFOPLIST_FILE = YES;
				INFOPLIST_KEY_UIApplicationSceneManifest_Generation = YES;
				INFOPLIST_KEY_UIApplicationSupportsIndirectInputEvents = YES;
				INFOPLIST_KEY_UILaunchScreen_Generation = YES;
				INFOPLIST_KEY_UISupportedInterfaceOrientations_iPad = "UIInterfaceOrientationPortrait UIInterfaceOrientationPortraitUpsideDown UIInterfaceOrientationLandscapeLeft UIInterfaceOrientationLandscapeRight";
				INFOPLIST_KEY_UISupportedInterfaceOrientations_iPhone = "UIInterfaceOrientationPortrait UIInterfaceOrientationLandscapeLeft UIInterfaceOrientationLandscapeRight";
				LD_RUNPATH_SEARCH_PATHS = (
					"$(inherited)",
					"@executable_path/Frameworks",
				);
				MARKETING_VERSION = 1.0;
				PRODUCT_BUNDLE_IDENTIFIER = com.rvelasc.MyDownloaderApp;
				PRODUCT_NAME = "$(TARGET_NAME)";
				SWIFT_EMIT_LOC_STRINGS = YES;
				SWIFT_VERSION = 5.0;
				TARGETED_DEVICE_FAMILY = "1,2";
			};
			name = Release;
		};
		8208EAAC2A0BE9250047B20B /* Debug */ = {
			isa = XCBuildConfiguration;
			buildSettings = {
				ALWAYS_EMBED_SWIFT_STANDARD_LIBRARIES = YES;
				BUNDLE_LOADER = "$(TEST_HOST)";
				CODE_SIGN_STYLE = Automatic;
				CURRENT_PROJECT_VERSION = 1;
				DEVELOPMENT_TEAM = AVHHK89UZG;
				GENERATE_INFOPLIST_FILE = YES;
				IPHONEOS_DEPLOYMENT_TARGET = 16.4;
				MARKETING_VERSION = 1.0;
				PRODUCT_BUNDLE_IDENTIFIER = com.rvelasc.MyDownloaderAppTests;
				PRODUCT_NAME = "$(TARGET_NAME)";
				SWIFT_EMIT_LOC_STRINGS = NO;
				SWIFT_VERSION = 5.0;
				TARGETED_DEVICE_FAMILY = "1,2";
				TEST_HOST = "$(BUILT_PRODUCTS_DIR)/MyDownloaderApp.app/$(BUNDLE_EXECUTABLE_FOLDER_PATH)/MyDownloaderApp";
			};
			name = Debug;
		};
		8208EAAD2A0BE9250047B20B /* Release */ = {
			isa = XCBuildConfiguration;
			buildSettings = {
				ALWAYS_EMBED_SWIFT_STANDARD_LIBRARIES = YES;
				BUNDLE_LOADER = "$(TEST_HOST)";
				CODE_SIGN_STYLE = Automatic;
				CURRENT_PROJECT_VERSION = 1;
				DEVELOPMENT_TEAM = AVHHK89UZG;
				GENERATE_INFOPLIST_FILE = YES;
				IPHONEOS_DEPLOYMENT_TARGET = 16.4;
				MARKETING_VERSION = 1.0;
				PRODUCT_BUNDLE_IDENTIFIER = com.rvelasc.MyDownloaderAppTests;
				PRODUCT_NAME = "$(TARGET_NAME)";
				SWIFT_EMIT_LOC_STRINGS = NO;
				SWIFT_VERSION = 5.0;
				TARGETED_DEVICE_FAMILY = "1,2";
				TEST_HOST = "$(BUILT_PRODUCTS_DIR)/MyDownloaderApp.app/$(BUNDLE_EXECUTABLE_FOLDER_PATH)/MyDownloaderApp";
			};
			name = Release;
		};
		8208EAAF2A0BE9250047B20B /* Debug */ = {
			isa = XCBuildConfiguration;
			buildSettings = {
				ALWAYS_EMBED_SWIFT_STANDARD_LIBRARIES = YES;
				CODE_SIGN_STYLE = Automatic;
				CURRENT_PROJECT_VERSION = 1;
				DEVELOPMENT_TEAM = AVHHK89UZG;
				GENERATE_INFOPLIST_FILE = YES;
				MARKETING_VERSION = 1.0;
				PRODUCT_BUNDLE_IDENTIFIER = com.rvelasc.MyDownloaderAppUITests;
				PRODUCT_NAME = "$(TARGET_NAME)";
				SWIFT_EMIT_LOC_STRINGS = NO;
				SWIFT_VERSION = 5.0;
				TARGETED_DEVICE_FAMILY = "1,2";
				TEST_TARGET_NAME = MyDownloaderApp;
			};
			name = Debug;
		};
		8208EAB02A0BE9250047B20B /* Release */ = {
			isa = XCBuildConfiguration;
			buildSettings = {
				ALWAYS_EMBED_SWIFT_STANDARD_LIBRARIES = YES;
				CODE_SIGN_STYLE = Automatic;
				CURRENT_PROJECT_VERSION = 1;
				DEVELOPMENT_TEAM = AVHHK89UZG;
				GENERATE_INFOPLIST_FILE = YES;
				MARKETING_VERSION = 1.0;
				PRODUCT_BUNDLE_IDENTIFIER = com.rvelasc.MyDownloaderAppUITests;
				PRODUCT_NAME = "$(TARGET_NAME)";
				SWIFT_EMIT_LOC_STRINGS = NO;
				SWIFT_VERSION = 5.0;
				TARGETED_DEVICE_FAMILY = "1,2";
				TEST_TARGET_NAME = MyDownloaderApp;
			};
			name = Release;
		};
/* End XCBuildConfiguration section */

/* Begin XCConfigurationList section */
		8208EA7F2A0BE9230047B20B /* Build configuration list for PBXProject "MyDownloaderApp" */ = {
			isa = XCConfigurationList;
			buildConfigurations = (
				8208EAA62A0BE9250047B20B /* Debug */,
				8208EAA72A0BE9250047B20B /* Release */,
			);
			defaultConfigurationIsVisible = 0;
			defaultConfigurationName = Release;
		};
		8208EAA82A0BE9250047B20B /* Build configuration list for PBXNativeTarget "MyDownloaderApp" */ = {
			isa = XCConfigurationList;
			buildConfigurations = (
				8208EAA92A0BE9250047B20B /* Debug */,
				8208EAAA2A0BE9250047B20B /* Release */,
			);
			defaultConfigurationIsVisible = 0;
			defaultConfigurationName = Release;
		};
		8208EAAB2A0BE9250047B20B /* Build configuration list for PBXNativeTarget "MyDownloaderAppTests" */ = {
			isa = XCConfigurationList;
			buildConfigurations = (
				8208EAAC2A0BE9250047B20B /* Debug */,
				8208EAAD2A0BE9250047B20B /* Release */,
			);
			defaultConfigurationIsVisible = 0;
			defaultConfigurationName = Release;
		};
		8208EAAE2A0BE9250047B20B /* Build configuration list for PBXNativeTarget "MyDownloaderAppUITests" */ = {
			isa = XCConfigurationList;
			buildConfigurations = (
				8208EAAF2A0BE9250047B20B /* Debug */,
				8208EAB02A0BE9250047B20B /* Release */,
			);
			defaultConfigurationIsVisible = 0;
			defaultConfigurationName = Release;
		};
/* End XCConfigurationList section */
	};
	rootObject = 8208EA7C2A0BE9230047B20B /* Project object */;
}
